
Microsoft Visual Studio Solution File, Format Version 12.00
# Visual Studio Version 16
VisualStudioVersion = 16.0.31019.35
MinimumVisualStudioVersion = 10.0.40219.1
Project("{9A19103F-16F7-4668-BE54-9A1E7A4F7556}") = "SeleniumCSharpNetCore", "SeleniumCSharpNetCore.csproj", "{AD224411-570C-47EA-9F44-B480E93ACC1A}"
EndProject
Global
	GlobalSection(SolutionConfigurationPlatforms) = preSolution
		Debug|Any CPU = Debug|Any CPU
		Release|Any CPU = Release|Any CPU
	EndGlobalSection
	GlobalSection(ProjectConfigurationPlatforms) = postSolution
		{AD224411-570C-47EA-9F44-B480E93ACC1A}.Debug|Any CPU.ActiveCfg = Debug|Any CPU
		{AD224411-570C-47EA-9F44-B480E93ACC1A}.Debug|Any CPU.Build.0 = Debug|Any CPU
		{AD224411-570C-47EA-9F44-B480E93ACC1A}.Release|Any CPU.ActiveCfg = Release|Any CPU
		{AD224411-570C-47EA-9F44-B480E93ACC1A}.Release|Any CPU.Build.0 = Release|Any CPU
	EndGlobalSection
	GlobalSection(SolutionProperties) = preSolution
		HideSolutionNode = FALSE
	EndGlobalSection
	GlobalSection(ExtensibilityGlobals) = postSolution
		SolutionGuid = {25047E9B-F67F-4554-9A70-E1EE1FA64EC1}
	EndGlobalSection
EndGlobal
